
Microsoft Visual Studio Solution File, Format Version 12.00
# Visual Studio Version 17
VisualStudioVersion = 17.14.36414.22
MinimumVisualStudioVersion = 10.0.40219.1
Project("{FAE04EC0-301F-11D3-BF4B-00C04F79EFBC}") = "Assignment.PL", "Assignment.PL\Assignment.PL.csproj", "{70412853-96C4-4050-8E0A-F85A70D14A08}"
EndProject
Project("{FAE04EC0-301F-11D3-BF4B-00C04F79EFBC}") = "Assignment.BLL", "Assignment.BLL\Assignment.BLL.csproj", "{18EAE55C-8147-4F44-A793-300810A907B1}"
EndProject
Project("{FAE04EC0-301F-11D3-BF4B-00C04F79EFBC}") = "Assignment.DAL", "Assignment.DAL\Assignment.DAL.csproj", "{916DA6E7-98BB-4F3D-ACBE-95C8B405D622}"
EndProject
Global
	GlobalSection(SolutionConfigurationPlatforms) = preSolution
		Debug|Any CPU = Debug|Any CPU
		Release|Any CPU = Release|Any CPU
	EndGlobalSection
	GlobalSection(ProjectConfigurationPlatforms) = postSolution
		{70412853-96C4-4050-8E0A-F85A70D14A08}.Debug|Any CPU.ActiveCfg = Debug|Any CPU
		{70412853-96C4-4050-8E0A-F85A70D14A08}.Debug|Any CPU.Build.0 = Debug|Any CPU
		{70412853-96C4-4050-8E0A-F85A70D14A08}.Release|Any CPU.ActiveCfg = Release|Any CPU
		{70412853-96C4-4050-8E0A-F85A70D14A08}.Release|Any CPU.Build.0 = Release|Any CPU
		{18EAE55C-8147-4F44-A793-300810A907B1}.Debug|Any CPU.ActiveCfg = Debug|Any CPU
		{18EAE55C-8147-4F44-A793-300810A907B1}.Debug|Any CPU.Build.0 = Debug|Any CPU
		{18EAE55C-8147-4F44-A793-300810A907B1}.Release|Any CPU.ActiveCfg = Release|Any CPU
		{18EAE55C-8147-4F44-A793-300810A907B1}.Release|Any CPU.Build.0 = Release|Any CPU
		{916DA6E7-98BB-4F3D-ACBE-95C8B405D622}.Debug|Any CPU.ActiveCfg = Debug|Any CPU
		{916DA6E7-98BB-4F3D-ACBE-95C8B405D622}.Debug|Any CPU.Build.0 = Debug|Any CPU
		{916DA6E7-98BB-4F3D-ACBE-95C8B405D622}.Release|Any CPU.ActiveCfg = Release|Any CPU
		{916DA6E7-98BB-4F3D-ACBE-95C8B405D622}.Release|Any CPU.Build.0 = Release|Any CPU
	EndGlobalSection
	GlobalSection(SolutionProperties) = preSolution
		HideSolutionNode = FALSE
	EndGlobalSection
	GlobalSection(ExtensibilityGlobals) = postSolution
		SolutionGuid = {3D2785CB-7B1C-47A7-9765-FA5810FEA48E}
	EndGlobalSection
EndGlobal
