
Microsoft Visual Studio Solution File, Format Version 12.00
# Visual Studio Version 17
VisualStudioVersion = 17.14.36414.22
MinimumVisualStudioVersion = 10.0.40219.1
Project("{FAE04EC0-301F-11D3-BF4B-00C04F79EFBC}") = "Assignment.PL", "Assignment.PL\Assignment.PL.csproj", "{D0CD2564-5790-42B4-9E58-25800FAFA75B}"
EndProject
Project("{FAE04EC0-301F-11D3-BF4B-00C04F79EFBC}") = "Assignment.BLL", "Assignment.BLL\Assignment.BLL.csproj", "{97277276-67E6-4653-A011-DB4C3DC1962E}"
EndProject
Project("{FAE04EC0-301F-11D3-BF4B-00C04F79EFBC}") = "Assignment.DAL", "Assignment.DAL\Assignment.DAL.csproj", "{D5D812DD-279A-4D1F-87B1-9756C26287C0}"
EndProject
Global
	GlobalSection(SolutionConfigurationPlatforms) = preSolution
		Debug|Any CPU = Debug|Any CPU
		Release|Any CPU = Release|Any CPU
	EndGlobalSection
	GlobalSection(ProjectConfigurationPlatforms) = postSolution
		{D0CD2564-5790-42B4-9E58-25800FAFA75B}.Debug|Any CPU.ActiveCfg = Debug|Any CPU
		{D0CD2564-5790-42B4-9E58-25800FAFA75B}.Debug|Any CPU.Build.0 = Debug|Any CPU
		{D0CD2564-5790-42B4-9E58-25800FAFA75B}.Release|Any CPU.ActiveCfg = Release|Any CPU
		{D0CD2564-5790-42B4-9E58-25800FAFA75B}.Release|Any CPU.Build.0 = Release|Any CPU
		{97277276-67E6-4653-A011-DB4C3DC1962E}.Debug|Any CPU.ActiveCfg = Debug|Any CPU
		{97277276-67E6-4653-A011-DB4C3DC1962E}.Debug|Any CPU.Build.0 = Debug|Any CPU
		{97277276-67E6-4653-A011-DB4C3DC1962E}.Release|Any CPU.ActiveCfg = Release|Any CPU
		{97277276-67E6-4653-A011-DB4C3DC1962E}.Release|Any CPU.Build.0 = Release|Any CPU
		{D5D812DD-279A-4D1F-87B1-9756C26287C0}.Debug|Any CPU.ActiveCfg = Debug|Any CPU
		{D5D812DD-279A-4D1F-87B1-9756C26287C0}.Debug|Any CPU.Build.0 = Debug|Any CPU
		{D5D812DD-279A-4D1F-87B1-9756C26287C0}.Release|Any CPU.ActiveCfg = Release|Any CPU
		{D5D812DD-279A-4D1F-87B1-9756C26287C0}.Release|Any CPU.Build.0 = Release|Any CPU
	EndGlobalSection
	GlobalSection(SolutionProperties) = preSolution
		HideSolutionNode = FALSE
	EndGlobalSection
	GlobalSection(ExtensibilityGlobals) = postSolution
		SolutionGuid = {0ACAAEC7-7957-40A1-BD0A-95235B5EDA62}
	EndGlobalSection
EndGlobal
