
Microsoft Visual Studio Solution File, Format Version 12.00
# Visual Studio Version 17
VisualStudioVersion = 17.12.35527.113 d17.12
MinimumVisualStudioVersion = 10.0.40219.1
Project("{FAE04EC0-301F-11D3-BF4B-00C04F79EFBC}") = "Assignment_6_C#", "Assignment_6_C#.csproj", "{CF38D2C6-AD1E-44D3-96F9-47E0BC45597A}"
EndProject
Global
	GlobalSection(SolutionConfigurationPlatforms) = preSolution
		Debug|Any CPU = Debug|Any CPU
		Release|Any CPU = Release|Any CPU
	EndGlobalSection
	GlobalSection(ProjectConfigurationPlatforms) = postSolution
		{CF38D2C6-AD1E-44D3-96F9-47E0BC45597A}.Debug|Any CPU.ActiveCfg = Debug|Any CPU
		{CF38D2C6-AD1E-44D3-96F9-47E0BC45597A}.Debug|Any CPU.Build.0 = Debug|Any CPU
		{CF38D2C6-AD1E-44D3-96F9-47E0BC45597A}.Release|Any CPU.ActiveCfg = Release|Any CPU
		{CF38D2C6-AD1E-44D3-96F9-47E0BC45597A}.Release|Any CPU.Build.0 = Release|Any CPU
	EndGlobalSection
	GlobalSection(SolutionProperties) = preSolution
		HideSolutionNode = FALSE
	EndGlobalSection
EndGlobal
